
Microsoft Visual Studio Solution File, Format Version 12.00
# Visual Studio 15
VisualStudioVersion = 15.0.26403.0
MinimumVisualStudioVersion = 10.0.40219.1
Project("{8BC9CEB8-8B4A-11D0-8D11-00A0C91BC942}") = "ad1010_Radix", "ad1010_Radix.vcxproj", "{907BB60A-F1BB-43B0-827D-800D963C58AB}"
EndProject
Global
	GlobalSection(SolutionConfigurationPlatforms) = preSolution
		Debug|x64 = Debug|x64
		Debug|x86 = Debug|x86
		Release|x64 = Release|x64
		Release|x86 = Release|x86
	EndGlobalSection
	GlobalSection(ProjectConfigurationPlatforms) = postSolution
		{907BB60A-F1BB-43B0-827D-800D963C58AB}.Debug|x64.ActiveCfg = Debug|x64
		{907BB60A-F1BB-43B0-827D-800D963C58AB}.Debug|x64.Build.0 = Debug|x64
		{907BB60A-F1BB-43B0-827D-800D963C58AB}.Debug|x86.ActiveCfg = Debug|Win32
		{907BB60A-F1BB-43B0-827D-800D963C58AB}.Debug|x86.Build.0 = Debug|Win32
		{907BB60A-F1BB-43B0-827D-800D963C58AB}.Release|x64.ActiveCfg = Release|x64
		{907BB60A-F1BB-43B0-827D-800D963C58AB}.Release|x64.Build.0 = Release|x64
		{907BB60A-F1BB-43B0-827D-800D963C58AB}.Release|x86.ActiveCfg = Release|Win32
		{907BB60A-F1BB-43B0-827D-800D963C58AB}.Release|x86.Build.0 = Release|Win32
	EndGlobalSection
	GlobalSection(SolutionProperties) = preSolution
		HideSolutionNode = FALSE
	EndGlobalSection
EndGlobal
